// !$*UTF8*$!
{
	archiveVersion = 1;
	classes = {
	};
	objectVersion = 55;
	objects = {

/* Begin PBXBuildFile section */
		CB2FC58128D453000056BC5F /* Tests_iOS.swift in Sources */ = {isa = PBXBuildFile; fileRef = CB2FC58028D453000056BC5F /* Tests_iOS.swift */; };
		CB2FC58328D453000056BC5F /* Tests_iOSLaunchTests.swift in Sources */ = {isa = PBXBuildFile; fileRef = CB2FC58228D453000056BC5F /* Tests_iOSLaunchTests.swift */; };
		CB2FC58D28D453000056BC5F /* Tests_macOS.swift in Sources */ = {isa = PBXBuildFile; fileRef = CB2FC58C28D453000056BC5F /* Tests_macOS.swift */; };
		CB2FC58F28D453000056BC5F /* Tests_macOSLaunchTests.swift in Sources */ = {isa = PBXBuildFile; fileRef = CB2FC58E28D453000056BC5F /* Tests_macOSLaunchTests.swift */; };
		CB2FC59028D453000056BC5F /* TwoWayCommunicationApp.swift in Sources */ = {isa = PBXBuildFile; fileRef = CB2FC56828D452FE0056BC5F /* TwoWayCommunicationApp.swift */; };
		CB2FC59128D453000056BC5F /* TwoWayCommunicationApp.swift in Sources */ = {isa = PBXBuildFile; fileRef = CB2FC56828D452FE0056BC5F /* TwoWayCommunicationApp.swift */; };
		CB2FC59228D453000056BC5F /* ContentView.swift in Sources */ = {isa = PBXBuildFile; fileRef = CB2FC56928D452FE0056BC5F /* ContentView.swift */; };
		CB2FC59328D453000056BC5F /* ContentView.swift in Sources */ = {isa = PBXBuildFile; fileRef = CB2FC56928D452FE0056BC5F /* ContentView.swift */; };
		CB2FC59428D453000056BC5F /* Assets.xcassets in Resources */ = {isa = PBXBuildFile; fileRef = CB2FC56A28D453000056BC5F /* Assets.xcassets */; };
		CB2FC59528D453000056BC5F /* Assets.xcassets in Resources */ = {isa = PBXBuildFile; fileRef = CB2FC56A28D453000056BC5F /* Assets.xcassets */; };
/* End PBXBuildFile section */

/* Begin PBXContainerItemProxy section */
		CB2FC57D28D453000056BC5F /* PBXContainerItemProxy */ = {
			isa = PBXContainerItemProxy;
			containerPortal = CB2FC56328D452FD0056BC5F /* Project object */;
			proxyType = 1;
			remoteGlobalIDString = CB2FC56E28D453000056BC5F;
			remoteInfo = "TwoWayCommunication (iOS)";
		};
		CB2FC58928D453000056BC5F /* PBXContainerItemProxy */ = {
			isa = PBXContainerItemProxy;
			containerPortal = CB2FC56328D452FD0056BC5F /* Project object */;
			proxyType = 1;
			remoteGlobalIDString = CB2FC57428D453000056BC5F;
			remoteInfo = "TwoWayCommunication (macOS)";
		};
/* End PBXContainerItemProxy section */

/* Begin PBXFileReference section */
		CB2FC56828D452FE0056BC5F /* TwoWayCommunicationApp.swift */ = {isa = PBXFileReference; lastKnownFileType = sourcecode.swift; path = TwoWayCommunicationApp.swift; sourceTree = "<group>"; };
		CB2FC56928D452FE0056BC5F /* ContentView.swift */ = {isa = PBXFileReference; lastKnownFileType = sourcecode.swift; path = ContentView.swift; sourceTree = "<group>"; };
		CB2FC56A28D453000056BC5F /* Assets.xcassets */ = {isa = PBXFileReference; lastKnownFileType = folder.assetcatalog; path = Assets.xcassets; sourceTree = "<group>"; };
		CB2FC56F28D453000056BC5F /* TwoWayCommunication.app */ = {isa = PBXFileReference; explicitFileType = wrapper.application; includeInIndex = 0; path = TwoWayCommunication.app; sourceTree = BUILT_PRODUCTS_DIR; };
		CB2FC57528D453000056BC5F /* TwoWayCommunication.app */ = {isa = PBXFileReference; explicitFileType = wrapper.application; includeInIndex = 0; path = TwoWayCommunication.app; sourceTree = BUILT_PRODUCTS_DIR; };
		CB2FC57728D453000056BC5F /* macOS.entitlements */ = {isa = PBXFileReference; lastKnownFileType = text.plist.entitlements; path = macOS.entitlements; sourceTree = "<group>"; };
		CB2FC57C28D453000056BC5F /* Tests iOS.xctest */ = {isa = PBXFileReference; explicitFileType = wrapper.cfbundle; includeInIndex = 0; path = "Tests iOS.xctest"; sourceTree = BUILT_PRODUCTS_DIR; };
		CB2FC58028D453000056BC5F /* Tests_iOS.swift */ = {isa = PBXFileReference; lastKnownFileType = sourcecode.swift; path = Tests_iOS.swift; sourceTree = "<group>"; };
		CB2FC58228D453000056BC5F /* Tests_iOSLaunchTests.swift */ = {isa = PBXFileReference; lastKnownFileType = sourcecode.swift; path = Tests_iOSLaunchTests.swift; sourceTree = "<group>"; };
		CB2FC58828D453000056BC5F /* Tests macOS.xctest */ = {isa = PBXFileReference; explicitFileType = wrapper.cfbundle; includeInIndex = 0; path = "Tests macOS.xctest"; sourceTree = BUILT_PRODUCTS_DIR; };
		CB2FC58C28D453000056BC5F /* Tests_macOS.swift */ = {isa = PBXFileReference; lastKnownFileType = sourcecode.swift; path = Tests_macOS.swift; sourceTree = "<group>"; };
		CB2FC58E28D453000056BC5F /* Tests_macOSLaunchTests.swift */ = {isa = PBXFileReference; lastKnownFileType = sourcecode.swift; path = Tests_macOSLaunchTests.swift; sourceTree = "<group>"; };
/* End PBXFileReference section */

/* Begin PBXFrameworksBuildPhase section */
		CB2FC56C28D453000056BC5F /* Frameworks */ = {
			isa = PBXFrameworksBuildPhase;
			buildActionMask = 2147483647;
			files = (
			);
			runOnlyForDeploymentPostprocessing = 0;
		};
		CB2FC57228D453000056BC5F /* Frameworks */ = {
			isa = PBXFrameworksBuildPhase;
			buildActionMask = 2147483647;
			files = (
			);
			runOnlyForDeploymentPostprocessing = 0;
		};
		CB2FC57928D453000056BC5F /* Frameworks */ = {
			isa = PBXFrameworksBuildPhase;
			buildActionMask = 2147483647;
			files = (
			);
			runOnlyForDeploymentPostprocessing = 0;
		};
		CB2FC58528D453000056BC5F /* Frameworks */ = {
			isa = PBXFrameworksBuildPhase;
			buildActionMask = 2147483647;
			files = (
			);
			runOnlyForDeploymentPostprocessing = 0;
		};
/* End PBXFrameworksBuildPhase section */

/* Begin PBXGroup section */
		CB2FC56228D452FD0056BC5F = {
			isa = PBXGroup;
			children = (
				CB2FC56728D452FE0056BC5F /* Shared */,
				CB2FC57628D453000056BC5F /* macOS */,
				CB2FC57F28D453000056BC5F /* Tests iOS */,
				CB2FC58B28D453000056BC5F /* Tests macOS */,
				CB2FC57028D453000056BC5F /* Products */,
			);
			sourceTree = "<group>";
		};
		CB2FC56728D452FE0056BC5F /* Shared */ = {
			isa = PBXGroup;
			children = (
				CB2FC56828D452FE0056BC5F /* TwoWayCommunicationApp.swift */,
				CB2FC56928D452FE0056BC5F /* ContentView.swift */,
				CB2FC56A28D453000056BC5F /* Assets.xcassets */,
			);
			path = Shared;
			sourceTree = "<group>";
		};
		CB2FC57028D453000056BC5F /* Products */ = {
			isa = PBXGroup;
			children = (
				CB2FC56F28D453000056BC5F /* TwoWayCommunication.app */,
				CB2FC57528D453000056BC5F /* TwoWayCommunication.app */,
				CB2FC57C28D453000056BC5F /* Tests iOS.xctest */,
				CB2FC58828D453000056BC5F /* Tests macOS.xctest */,
			);
			name = Products;
			sourceTree = "<group>";
		};
		CB2FC57628D453000056BC5F /* macOS */ = {
			isa = PBXGroup;
			children = (
				CB2FC57728D453000056BC5F /* macOS.entitlements */,
			);
			path = macOS;
			sourceTree = "<group>";
		};
		CB2FC57F28D453000056BC5F /* Tests iOS */ = {
			isa = PBXGroup;
			children = (
				CB2FC58028D453000056BC5F /* Tests_iOS.swift */,
				CB2FC58228D453000056BC5F /* Tests_iOSLaunchTests.swift */,
			);
			path = "Tests iOS";
			sourceTree = "<group>";
		};
		CB2FC58B28D453000056BC5F /* Tests macOS */ = {
			isa = PBXGroup;
			children = (
				CB2FC58C28D453000056BC5F /* Tests_macOS.swift */,
				CB2FC58E28D453000056BC5F /* Tests_macOSLaunchTests.swift */,
			);
			path = "Tests macOS";
			sourceTree = "<group>";
		};
/* End PBXGroup section */

/* Begin PBXNativeTarget section */
		CB2FC56E28D453000056BC5F /* TwoWayCommunication (iOS) */ = {
			isa = PBXNativeTarget;
			buildConfigurationList = CB2FC59828D453000056BC5F /* Build configuration list for PBXNativeTarget "TwoWayCommunication (iOS)" */;
			buildPhases = (
				CB2FC56B28D453000056BC5F /* Sources */,
				CB2FC56C28D453000056BC5F /* Frameworks */,
				CB2FC56D28D453000056BC5F /* Resources */,
			);
			buildRules = (
			);
			dependencies = (
			);
			name = "TwoWayCommunication (iOS)";
			productName = "TwoWayCommunication (iOS)";
			productReference = CB2FC56F28D453000056BC5F /* TwoWayCommunication.app */;
			productType = "com.apple.product-type.application";
		};
		CB2FC57428D453000056BC5F /* TwoWayCommunication (macOS) */ = {
			isa = PBXNativeTarget;
			buildConfigurationList = CB2FC59B28D453000056BC5F /* Build configuration list for PBXNativeTarget "TwoWayCommunication (macOS)" */;
			buildPhases = (
				CB2FC57128D453000056BC5F /* Sources */,
				CB2FC57228D453000056BC5F /* Frameworks */,
				CB2FC57328D453000056BC5F /* Resources */,
			);
			buildRules = (
			);
			dependencies = (
			);
			name = "TwoWayCommunication (macOS)";
			productName = "TwoWayCommunication (macOS)";
			productReference = CB2FC57528D453000056BC5F /* TwoWayCommunication.app */;
			productType = "com.apple.product-type.application";
		};
		CB2FC57B28D453000056BC5F /* Tests iOS */ = {
			isa = PBXNativeTarget;
			buildConfigurationList = CB2FC59E28D453000056BC5F /* Build configuration list for PBXNativeTarget "Tests iOS" */;
			buildPhases = (
				CB2FC57828D453000056BC5F /* Sources */,
				CB2FC57928D453000056BC5F /* Frameworks */,
				CB2FC57A28D453000056BC5F /* Resources */,
			);
			buildRules = (
			);
			dependencies = (
				CB2FC57E28D453000056BC5F /* PBXTargetDependency */,
			);
			name = "Tests iOS";
			productName = "Tests iOS";
			productReference = CB2FC57C28D453000056BC5F /* Tests iOS.xctest */;
			productType = "com.apple.product-type.bundle.ui-testing";
		};
		CB2FC58728D453000056BC5F /* Tests macOS */ = {
			isa = PBXNativeTarget;
			buildConfigurationList = CB2FC5A128D453000056BC5F /* Build configuration list for PBXNativeTarget "Tests macOS" */;
			buildPhases = (
				CB2FC58428D453000056BC5F /* Sources */,
				CB2FC58528D453000056BC5F /* Frameworks */,
				CB2FC58628D453000056BC5F /* Resources */,
			);
			buildRules = (
			);
			dependencies = (
				CB2FC58A28D453000056BC5F /* PBXTargetDependency */,
			);
			name = "Tests macOS";
			productName = "Tests macOS";
			productReference = CB2FC58828D453000056BC5F /* Tests macOS.xctest */;
			productType = "com.apple.product-type.bundle.ui-testing";
		};
/* End PBXNativeTarget section */

/* Begin PBXProject section */
		CB2FC56328D452FD0056BC5F /* Project object */ = {
			isa = PBXProject;
			attributes = {
				BuildIndependentTargetsInParallel = 1;
				LastSwiftUpdateCheck = 1340;
				LastUpgradeCheck = 1340;
				TargetAttributes = {
					CB2FC56E28D453000056BC5F = {
						CreatedOnToolsVersion = 13.4.1;
					};
					CB2FC57428D453000056BC5F = {
						CreatedOnToolsVersion = 13.4.1;
					};
					CB2FC57B28D453000056BC5F = {
						CreatedOnToolsVersion = 13.4.1;
						TestTargetID = CB2FC56E28D453000056BC5F;
					};
					CB2FC58728D453000056BC5F = {
						CreatedOnToolsVersion = 13.4.1;
						TestTargetID = CB2FC57428D453000056BC5F;
					};
				};
			};
			buildConfigurationList = CB2FC56628D452FD0056BC5F /* Build configuration list for PBXProject "TwoWayCommunication" */;
			compatibilityVersion = "Xcode 13.0";
			developmentRegion = en;
			hasScannedForEncodings = 0;
			knownRegions = (
				en,
				Base,
			);
			mainGroup = CB2FC56228D452FD0056BC5F;
			productRefGroup = CB2FC57028D453000056BC5F /* Products */;
			projectDirPath = "";
			projectRoot = "";
			targets = (
				CB2FC56E28D453000056BC5F /* TwoWayCommunication (iOS) */,
				CB2FC57428D453000056BC5F /* TwoWayCommunication (macOS) */,
				CB2FC57B28D453000056BC5F /* Tests iOS */,
				CB2FC58728D453000056BC5F /* Tests macOS */,
			);
		};
/* End PBXProject section */

/* Begin PBXResourcesBuildPhase section */
		CB2FC56D28D453000056BC5F /* Resources */ = {
			isa = PBXResourcesBuildPhase;
			buildActionMask = 2147483647;
			files = (
				CB2FC59428D453000056BC5F /* Assets.xcassets in Resources */,
			);
			runOnlyForDeploymentPostprocessing = 0;
		};
		CB2FC57328D453000056BC5F /* Resources */ = {
			isa = PBXResourcesBuildPhase;
			buildActionMask = 2147483647;
			files = (
				CB2FC59528D453000056BC5F /* Assets.xcassets in Resources */,
			);
			runOnlyForDeploymentPostprocessing = 0;
		};
		CB2FC57A28D453000056BC5F /* Resources */ = {
			isa = PBXResourcesBuildPhase;
			buildActionMask = 2147483647;
			files = (
			);
			runOnlyForDeploymentPostprocessing = 0;
		};
		CB2FC58628D453000056BC5F /* Resources */ = {
			isa = PBXResourcesBuildPhase;
			buildActionMask = 2147483647;
			files = (
			);
			runOnlyForDeploymentPostprocessing = 0;
		};
/* End PBXResourcesBuildPhase section */

/* Begin PBXSourcesBuildPhase section */
		CB2FC56B28D453000056BC5F /* Sources */ = {
			isa = PBXSourcesBuildPhase;
			buildActionMask = 2147483647;
			files = (
				CB2FC59228D453000056BC5F /* ContentView.swift in Sources */,
				CB2FC59028D453000056BC5F /* TwoWayCommunicationApp.swift in Sources */,
			);
			runOnlyForDeploymentPostprocessing = 0;
		};
		CB2FC57128D453000056BC5F /* Sources */ = {
			isa = PBXSourcesBuildPhase;
			buildActionMask = 2147483647;
			files = (
				CB2FC59328D453000056BC5F /* ContentView.swift in Sources */,
				CB2FC59128D453000056BC5F /* TwoWayCommunicationApp.swift in Sources */,
			);
			runOnlyForDeploymentPostprocessing = 0;
		};
		CB2FC57828D453000056BC5F /* Sources */ = {
			isa = PBXSourcesBuildPhase;
			buildActionMask = 2147483647;
			files = (
				CB2FC58328D453000056BC5F /* Tests_iOSLaunchTests.swift in Sources */,
				CB2FC58128D453000056BC5F /* Tests_iOS.swift in Sources */,
			);
			runOnlyForDeploymentPostprocessing = 0;
		};
		CB2FC58428D453000056BC5F /* Sources */ = {
			isa = PBXSourcesBuildPhase;
			buildActionMask = 2147483647;
			files = (
				CB2FC58F28D453000056BC5F /* Tests_macOSLaunchTests.swift in Sources */,
				CB2FC58D28D453000056BC5F /* Tests_macOS.swift in Sources */,
			);
			runOnlyForDeploymentPostprocessing = 0;
		};
/* End PBXSourcesBuildPhase section */

/* Begin PBXTargetDependency section */
		CB2FC57E28D453000056BC5F /* PBXTargetDependency */ = {
			isa = PBXTargetDependency;
			target = CB2FC56E28D453000056BC5F /* TwoWayCommunication (iOS) */;
			targetProxy = CB2FC57D28D453000056BC5F /* PBXContainerItemProxy */;
		};
		CB2FC58A28D453000056BC5F /* PBXTargetDependency */ = {
			isa = PBXTargetDependency;
			target = CB2FC57428D453000056BC5F /* TwoWayCommunication (macOS) */;
			targetProxy = CB2FC58928D453000056BC5F /* PBXContainerItemProxy */;
		};
/* End PBXTargetDependency section */

/* Begin XCBuildConfiguration section */
		CB2FC59628D453000056BC5F /* Debug */ = {
			isa = XCBuildConfiguration;
			buildSettings = {
				ALWAYS_SEARCH_USER_PATHS = NO;
				CLANG_ANALYZER_NONNULL = YES;
				CLANG_ANALYZER_NUMBER_OBJECT_CONVERSION = YES_AGGRESSIVE;
				CLANG_CXX_LANGUAGE_STANDARD = "gnu++17";
				CLANG_ENABLE_MODULES = YES;
				CLANG_ENABLE_OBJC_ARC = YES;
				CLANG_ENABLE_OBJC_WEAK = YES;
				CLANG_WARN_BLOCK_CAPTURE_AUTORELEASING = YES;
				CLANG_WARN_BOOL_CONVERSION = YES;
				CLANG_WARN_COMMA = YES;
				CLANG_WARN_CONSTANT_CONVERSION = YES;
				CLANG_WARN_DEPRECATED_OBJC_IMPLEMENTATIONS = YES;
				CLANG_WARN_DIRECT_OBJC_ISA_USAGE = YES_ERROR;
				CLANG_WARN_DOCUMENTATION_COMMENTS = YES;
				CLANG_WARN_EMPTY_BODY = YES;
				CLANG_WARN_ENUM_CONVERSION = YES;
				CLANG_WARN_INFINITE_RECURSION = YES;
				CLANG_WARN_INT_CONVERSION = YES;
				CLANG_WARN_NON_LITERAL_NULL_CONVERSION = YES;
				CLANG_WARN_OBJC_IMPLICIT_RETAIN_SELF = YES;
				CLANG_WARN_OBJC_LITERAL_CONVERSION = YES;
				CLANG_WARN_OBJC_ROOT_CLASS = YES_ERROR;
				CLANG_WARN_QUOTED_INCLUDE_IN_FRAMEWORK_HEADER = YES;
				CLANG_WARN_RANGE_LOOP_ANALYSIS = YES;
				CLANG_WARN_STRICT_PROTOTYPES = YES;
				CLANG_WARN_SUSPICIOUS_MOVE = YES;
				CLANG_WARN_UNGUARDED_AVAILABILITY = YES_AGGRESSIVE;
				CLANG_WARN_UNREACHABLE_CODE = YES;
				CLANG_WARN__DUPLICATE_METHOD_MATCH = YES;
				COPY_PHASE_STRIP = NO;
				DEBUG_INFORMATION_FORMAT = dwarf;
				ENABLE_STRICT_OBJC_MSGSEND = YES;
				ENABLE_TESTABILITY = YES;
				GCC_C_LANGUAGE_STANDARD = gnu11;
				GCC_DYNAMIC_NO_PIC = NO;
				GCC_NO_COMMON_BLOCKS = YES;
				GCC_OPTIMIZATION_LEVEL = 0;
				GCC_PREPROCESSOR_DEFINITIONS = (
					"DEBUG=1",
					"$(inherited)",
				);
				GCC_WARN_64_TO_32_BIT_CONVERSION = YES;
				GCC_WARN_ABOUT_RETURN_TYPE = YES_ERROR;
				GCC_WARN_UNDECLARED_SELECTOR = YES;
				GCC_WARN_UNINITIALIZED_AUTOS = YES_AGGRESSIVE;
				GCC_WARN_UNUSED_FUNCTION = YES;
				GCC_WARN_UNUSED_VARIABLE = YES;
				MTL_ENABLE_DEBUG_INFO = INCLUDE_SOURCE;
				MTL_FAST_MATH = YES;
				ONLY_ACTIVE_ARCH = YES;
				SWIFT_ACTIVE_COMPILATION_CONDITIONS = DEBUG;
				SWIFT_OPTIMIZATION_LEVEL = "-Onone";
			};
			name = Debug;
		};
		CB2FC59728D453000056BC5F /* Release */ = {
			isa = XCBuildConfiguration;
			buildSettings = {
				ALWAYS_SEARCH_USER_PATHS = NO;
				CLANG_ANALYZER_NONNULL = YES;
				CLANG_ANALYZER_NUMBER_OBJECT_CONVERSION = YES_AGGRESSIVE;
				CLANG_CXX_LANGUAGE_STANDARD = "gnu++17";
				CLANG_ENABLE_MODULES = YES;
				CLANG_ENABLE_OBJC_ARC = YES;
				CLANG_ENABLE_OBJC_WEAK = YES;
				CLANG_WARN_BLOCK_CAPTURE_AUTORELEASING = YES;
				CLANG_WARN_BOOL_CONVERSION = YES;
				CLANG_WARN_COMMA = YES;
				CLANG_WARN_CONSTANT_CONVERSION = YES;
				CLANG_WARN_DEPRECATED_OBJC_IMPLEMENTATIONS = YES;
				CLANG_WARN_DIRECT_OBJC_ISA_USAGE = YES_ERROR;
				CLANG_WARN_DOCUMENTATION_COMMENTS = YES;
				CLANG_WARN_EMPTY_BODY = YES;
				CLANG_WARN_ENUM_CONVERSION = YES;
				CLANG_WARN_INFINITE_RECURSION = YES;
				CLANG_WARN_INT_CONVERSION = YES;
				CLANG_WARN_NON_LITERAL_NULL_CONVERSION = YES;
				CLANG_WARN_OBJC_IMPLICIT_RETAIN_SELF = YES;
				CLANG_WARN_OBJC_LITERAL_CONVERSION = YES;
				CLANG_WARN_OBJC_ROOT_CLASS = YES_ERROR;
				CLANG_WARN_QUOTED_INCLUDE_IN_FRAMEWORK_HEADER = YES;
				CLANG_WARN_RANGE_LOOP_ANALYSIS = YES;
				CLANG_WARN_STRICT_PROTOTYPES = YES;
				CLANG_WARN_SUSPICIOUS_MOVE = YES;
				CLANG_WARN_UNGUARDED_AVAILABILITY = YES_AGGRESSIVE;
				CLANG_WARN_UNREACHABLE_CODE = YES;
				CLANG_WARN__DUPLICATE_METHOD_MATCH = YES;
				COPY_PHASE_STRIP = NO;
				DEBUG_INFORMATION_FORMAT = "dwarf-with-dsym";
				ENABLE_NS_ASSERTIONS = NO;
				ENABLE_STRICT_OBJC_MSGSEND = YES;
				GCC_C_LANGUAGE_STANDARD = gnu11;
				GCC_NO_COMMON_BLOCKS = YES;
				GCC_WARN_64_TO_32_BIT_CONVERSION = YES;
				GCC_WARN_ABOUT_RETURN_TYPE = YES_ERROR;
				GCC_WARN_UNDECLARED_SELECTOR = YES;
				GCC_WARN_UNINITIALIZED_AUTOS = YES_AGGRESSIVE;
				GCC_WARN_UNUSED_FUNCTION = YES;
				GCC_WARN_UNUSED_VARIABLE = YES;
				MTL_ENABLE_DEBUG_INFO = NO;
				MTL_FAST_MATH = YES;
				SWIFT_COMPILATION_MODE = wholemodule;
				SWIFT_OPTIMIZATION_LEVEL = "-O";
			};
			name = Release;
		};
		CB2FC59928D453000056BC5F /* Debug */ = {
			isa = XCBuildConfiguration;
			buildSettings = {
				ASSETCATALOG_COMPILER_APPICON_NAME = AppIcon;
				ASSETCATALOG_COMPILER_GLOBAL_ACCENT_COLOR_NAME = AccentColor;
				CODE_SIGN_STYLE = Automatic;
				CURRENT_PROJECT_VERSION = 1;
				DEVELOPMENT_TEAM = 6494F8NQFF;
				ENABLE_PREVIEWS = YES;
				GENERATE_INFOPLIST_FILE = YES;
				INFOPLIST_KEY_UIApplicationSceneManifest_Generation = YES;
				INFOPLIST_KEY_UIApplicationSupportsIndirectInputEvents = YES;
				INFOPLIST_KEY_UILaunchScreen_Generation = YES;
				INFOPLIST_KEY_UISupportedInterfaceOrientations_iPad = "UIInterfaceOrientationPortrait UIInterfaceOrientationPortraitUpsideDown UIInterfaceOrientationLandscapeLeft UIInterfaceOrientationLandscapeRight";
				INFOPLIST_KEY_UISupportedInterfaceOrientations_iPhone = "UIInterfaceOrientationPortrait UIInterfaceOrientationLandscapeLeft UIInterfaceOrientationLandscapeRight";
				IPHONEOS_DEPLOYMENT_TARGET = 15.5;
				LD_RUNPATH_SEARCH_PATHS = (
					"$(inherited)",
					"@executable_path/Frameworks",
				);
				MARKETING_VERSION = 1.0;
				PRODUCT_BUNDLE_IDENTIFIER = me.frad.TwoWayCommunication;
				PRODUCT_NAME = TwoWayCommunication;
				SDKROOT = iphoneos;
				SWIFT_EMIT_LOC_STRINGS = YES;
				SWIFT_VERSION = 5.0;
				TARGETED_DEVICE_FAMILY = "1,2";
			};
			name = Debug;
		};
		CB2FC59A28D453000056BC5F /* Release */ = {
			isa = XCBuildConfiguration;
			buildSettings = {
				ASSETCATALOG_COMPILER_APPICON_NAME = AppIcon;
				ASSETCATALOG_COMPILER_GLOBAL_ACCENT_COLOR_NAME = AccentColor;
				CODE_SIGN_STYLE = Automatic;
				CURRENT_PROJECT_VERSION = 1;
				DEVELOPMENT_TEAM = 6494F8NQFF;
				ENABLE_PREVIEWS = YES;
				GENERATE_INFOPLIST_FILE = YES;
				INFOPLIST_KEY_UIApplicationSceneManifest_Generation = YES;
				INFOPLIST_KEY_UIApplicationSupportsIndirectInputEvents = YES;
				INFOPLIST_KEY_UILaunchScreen_Generation = YES;
				INFOPLIST_KEY_UISupportedInterfaceOrientations_iPad = "UIInterfaceOrientationPortrait UIInterfaceOrientationPortraitUpsideDown UIInterfaceOrientationLandscapeLeft UIInterfaceOrientationLandscapeRight";
				INFOPLIST_KEY_UISupportedInterfaceOrientations_iPhone = "UIInterfaceOrientationPortrait UIInterfaceOrientationLandscapeLeft UIInterfaceOrientationLandscapeRight";
				IPHONEOS_DEPLOYMENT_TARGET = 15.5;
				LD_RUNPATH_SEARCH_PATHS = (
					"$(inherited)",
					"@executable_path/Frameworks",
				);
				MARKETING_VERSION = 1.0;
				PRODUCT_BUNDLE_IDENTIFIER = me.frad.TwoWayCommunication;
				PRODUCT_NAME = TwoWayCommunication;
				SDKROOT = iphoneos;
				SWIFT_EMIT_LOC_STRINGS = YES;
				SWIFT_VERSION = 5.0;
				TARGETED_DEVICE_FAMILY = "1,2";
				VALIDATE_PRODUCT = YES;
			};
			name = Release;
		};
		CB2FC59C28D453000056BC5F /* Debug */ = {
			isa = XCBuildConfiguration;
			buildSettings = {
				ASSETCATALOG_COMPILER_APPICON_NAME = AppIcon;
				ASSETCATALOG_COMPILER_GLOBAL_ACCENT_COLOR_NAME = AccentColor;
				CODE_SIGN_ENTITLEMENTS = macOS/macOS.entitlements;
				CODE_SIGN_STYLE = Automatic;
				COMBINE_HIDPI_IMAGES = YES;
				CURRENT_PROJECT_VERSION = 1;
				DEVELOPMENT_TEAM = 6494F8NQFF;
				ENABLE_HARDENED_RUNTIME = YES;
				ENABLE_PREVIEWS = YES;
				GENERATE_INFOPLIST_FILE = YES;
				INFOPLIST_KEY_NSHumanReadableCopyright = "";
				LD_RUNPATH_SEARCH_PATHS = (
					"$(inherited)",
					"@executable_path/../Frameworks",
				);
				MACOSX_DEPLOYMENT_TARGET = 12.3;
				MARKETING_VERSION = 1.0;
				PRODUCT_BUNDLE_IDENTIFIER = me.frad.TwoWayCommunication;
				PRODUCT_NAME = TwoWayCommunication;
				SDKROOT = macosx;
				SWIFT_EMIT_LOC_STRINGS = YES;
				SWIFT_VERSION = 5.0;
			};
			name = Debug;
		};
		CB2FC59D28D453000056BC5F /* Release */ = {
			isa = XCBuildConfiguration;
			buildSettings = {
				ASSETCATALOG_COMPILER_APPICON_NAME = AppIcon;
				ASSETCATALOG_COMPILER_GLOBAL_ACCENT_COLOR_NAME = AccentColor;
				CODE_SIGN_ENTITLEMENTS = macOS/macOS.entitlements;
				CODE_SIGN_STYLE = Automatic;
				COMBINE_HIDPI_IMAGES = YES;
				CURRENT_PROJECT_VERSION = 1;
				DEVELOPMENT_TEAM = 6494F8NQFF;
				ENABLE_HARDENED_RUNTIME = YES;
				ENABLE_PREVIEWS = YES;
				GENERATE_INFOPLIST_FILE = YES;
				INFOPLIST_KEY_NSHumanReadableCopyright = "";
				LD_RUNPATH_SEARCH_PATHS = (
					"$(inherited)",
					"@executable_path/../Frameworks",
				);
				MACOSX_DEPLOYMENT_TARGET = 12.3;
				MARKETING_VERSION = 1.0;
				PRODUCT_BUNDLE_IDENTIFIER = me.frad.TwoWayCommunication;
				PRODUCT_NAME = TwoWayCommunication;
				SDKROOT = macosx;
				SWIFT_EMIT_LOC_STRINGS = YES;
				SWIFT_VERSION = 5.0;
			};
			name = Release;
		};
		CB2FC59F28D453000056BC5F /* Debug */ = {
			isa = XCBuildConfiguration;
			buildSettings = {
				ALWAYS_EMBED_SWIFT_STANDARD_LIBRARIES = YES;
				CODE_SIGN_STYLE = Automatic;
				CURRENT_PROJECT_VERSION = 1;
				DEVELOPMENT_TEAM = 6494F8NQFF;
				GENERATE_INFOPLIST_FILE = YES;
				IPHONEOS_DEPLOYMENT_TARGET = 15.5;
				MARKETING_VERSION = 1.0;
				PRODUCT_BUNDLE_IDENTIFIER = "me.frad.Tests-iOS";
				PRODUCT_NAME = "$(TARGET_NAME)";
				SDKROOT = iphoneos;
				SWIFT_EMIT_LOC_STRINGS = NO;
				SWIFT_VERSION = 5.0;
				TARGETED_DEVICE_FAMILY = "1,2";
				TEST_TARGET_NAME = "TwoWayCommunication (iOS)";
			};
			name = Debug;
		};
		CB2FC5A028D453000056BC5F /* Release */ = {
			isa = XCBuildConfiguration;
			buildSettings = {
				ALWAYS_EMBED_SWIFT_STANDARD_LIBRARIES = YES;
				CODE_SIGN_STYLE = Automatic;
				CURRENT_PROJECT_VERSION = 1;
				DEVELOPMENT_TEAM = 6494F8NQFF;
				GENERATE_INFOPLIST_FILE = YES;
				IPHONEOS_DEPLOYMENT_TARGET = 15.5;
				MARKETING_VERSION = 1.0;
				PRODUCT_BUNDLE_IDENTIFIER = "me.frad.Tests-iOS";
				PRODUCT_NAME = "$(TARGET_NAME)";
				SDKROOT = iphoneos;
				SWIFT_EMIT_LOC_STRINGS = NO;
				SWIFT_VERSION = 5.0;
				TARGETED_DEVICE_FAMILY = "1,2";
				TEST_TARGET_NAME = "TwoWayCommunication (iOS)";
				VALIDATE_PRODUCT = YES;
			};
			name = Release;
		};
		CB2FC5A228D453000056BC5F /* Debug */ = {
			isa = XCBuildConfiguration;
			buildSettings = {
				ALWAYS_EMBED_SWIFT_STANDARD_LIBRARIES = YES;
				CODE_SIGN_STYLE = Automatic;
				CURRENT_PROJECT_VERSION = 1;
				DEVELOPMENT_TEAM = 6494F8NQFF;
				GENERATE_INFOPLIST_FILE = YES;
				MACOSX_DEPLOYMENT_TARGET = 12.3;
				MARKETING_VERSION = 1.0;
				PRODUCT_BUNDLE_IDENTIFIER = "me.frad.Tests-macOS";
				PRODUCT_NAME = "$(TARGET_NAME)";
				SDKROOT = macosx;
				SWIFT_EMIT_LOC_STRINGS = NO;
				SWIFT_VERSION = 5.0;
				TEST_TARGET_NAME = "TwoWayCommunication (macOS)";
			};
			name = Debug;
		};
		CB2FC5A328D453000056BC5F /* Release */ = {
			isa = XCBuildConfiguration;
			buildSettings = {
				ALWAYS_EMBED_SWIFT_STANDARD_LIBRARIES = YES;
				CODE_SIGN_STYLE = Automatic;
				CURRENT_PROJECT_VERSION = 1;
				DEVELOPMENT_TEAM = 6494F8NQFF;
				GENERATE_INFOPLIST_FILE = YES;
				MACOSX_DEPLOYMENT_TARGET = 12.3;
				MARKETING_VERSION = 1.0;
				PRODUCT_BUNDLE_IDENTIFIER = "me.frad.Tests-macOS";
				PRODUCT_NAME = "$(TARGET_NAME)";
				SDKROOT = macosx;
				SWIFT_EMIT_LOC_STRINGS = NO;
				SWIFT_VERSION = 5.0;
				TEST_TARGET_NAME = "TwoWayCommunication (macOS)";
			};
			name = Release;
		};
/* End XCBuildConfiguration section */

/* Begin XCConfigurationList section */
		CB2FC56628D452FD0056BC5F /* Build configuration list for PBXProject "TwoWayCommunication" */ = {
			isa = XCConfigurationList;
			buildConfigurations = (
				CB2FC59628D453000056BC5F /* Debug */,
				CB2FC59728D453000056BC5F /* Release */,
			);
			defaultConfigurationIsVisible = 0;
			defaultConfigurationName = Release;
		};
		CB2FC59828D453000056BC5F /* Build configuration list for PBXNativeTarget "TwoWayCommunication (iOS)" */ = {
			isa = XCConfigurationList;
			buildConfigurations = (
				CB2FC59928D453000056BC5F /* Debug */,
				CB2FC59A28D453000056BC5F /* Release */,
			);
			defaultConfigurationIsVisible = 0;
			defaultConfigurationName = Release;
		};
		CB2FC59B28D453000056BC5F /* Build configuration list for PBXNativeTarget "TwoWayCommunication (macOS)" */ = {
			isa = XCConfigurationList;
			buildConfigurations = (
				CB2FC59C28D453000056BC5F /* Debug */,
				CB2FC59D28D453000056BC5F /* Release */,
			);
			defaultConfigurationIsVisible = 0;
			defaultConfigurationName = Release;
		};
		CB2FC59E28D453000056BC5F /* Build configuration list for PBXNativeTarget "Tests iOS" */ = {
			isa = XCConfigurationList;
			buildConfigurations = (
				CB2FC59F28D453000056BC5F /* Debug */,
				CB2FC5A028D453000056BC5F /* Release */,
			);
			defaultConfigurationIsVisible = 0;
			defaultConfigurationName = Release;
		};
		CB2FC5A128D453000056BC5F /* Build configuration list for PBXNativeTarget "Tests macOS" */ = {
			isa = XCConfigurationList;
			buildConfigurations = (
				CB2FC5A228D453000056BC5F /* Debug */,
				CB2FC5A328D453000056BC5F /* Release */,
			);
			defaultConfigurationIsVisible = 0;
			defaultConfigurationName = Release;
		};
/* End XCConfigurationList section */
	};
	rootObject = CB2FC56328D452FD0056BC5F /* Project object */;
}
